
Microsoft Visual Studio Solution File, Format Version 12.00
# Visual Studio Version 17
VisualStudioVersion = 17.3.32929.385
MinimumVisualStudioVersion = 10.0.40219.1
Project("{9A19103F-16F7-4668-BE54-9A1E7A4F7556}") = "9.1", "ConsoleApp1\9.1.csproj", "{6DB325D0-6330-45CA-94B1-1F046A5D00B0}"
EndProject
Project("{FAE04EC0-301F-11D3-BF4B-00C04F79EFBC}") = "9.2", "9.2\9.2.csproj", "{31044A8F-756C-4C98-95F3-EBDF7F033F4C}"
EndProject
Project("{FAE04EC0-301F-11D3-BF4B-00C04F79EFBC}") = "9.3.2", "9.3.2\9.3.2.csproj", "{D1E5E837-EB11-4910-A219-B9FC55FDF1E8}"
EndProject
Project("{FAE04EC0-301F-11D3-BF4B-00C04F79EFBC}") = "9.3.3", "9.3.3\9.3.3.csproj", "{4E706B48-F11E-48FB-84BB-F209CD8BAF45}"
EndProject
Project("{FAE04EC0-301F-11D3-BF4B-00C04F79EFBC}") = "9.3.4", "9.3.4\9.3.4.csproj", "{7AC0A90B-1726-4757-B152-8B616D75F6DA}"
EndProject
Project("{FAE04EC0-301F-11D3-BF4B-00C04F79EFBC}") = "9.3.8", "9.3.8\9.3.8.csproj", "{FB799DDA-E67E-4B6E-B1AB-CEAB4D4E8EA7}"
EndProject
Global
	GlobalSection(SolutionConfigurationPlatforms) = preSolution
		Debug|Any CPU = Debug|Any CPU
		Release|Any CPU = Release|Any CPU
	EndGlobalSection
	GlobalSection(ProjectConfigurationPlatforms) = postSolution
		{6DB325D0-6330-45CA-94B1-1F046A5D00B0}.Debug|Any CPU.ActiveCfg = Debug|Any CPU
		{6DB325D0-6330-45CA-94B1-1F046A5D00B0}.Debug|Any CPU.Build.0 = Debug|Any CPU
		{6DB325D0-6330-45CA-94B1-1F046A5D00B0}.Release|Any CPU.ActiveCfg = Release|Any CPU
		{6DB325D0-6330-45CA-94B1-1F046A5D00B0}.Release|Any CPU.Build.0 = Release|Any CPU
		{31044A8F-756C-4C98-95F3-EBDF7F033F4C}.Debug|Any CPU.ActiveCfg = Debug|Any CPU
		{31044A8F-756C-4C98-95F3-EBDF7F033F4C}.Debug|Any CPU.Build.0 = Debug|Any CPU
		{31044A8F-756C-4C98-95F3-EBDF7F033F4C}.Release|Any CPU.ActiveCfg = Release|Any CPU
		{31044A8F-756C-4C98-95F3-EBDF7F033F4C}.Release|Any CPU.Build.0 = Release|Any CPU
		{D1E5E837-EB11-4910-A219-B9FC55FDF1E8}.Debug|Any CPU.ActiveCfg = Debug|Any CPU
		{D1E5E837-EB11-4910-A219-B9FC55FDF1E8}.Debug|Any CPU.Build.0 = Debug|Any CPU
		{D1E5E837-EB11-4910-A219-B9FC55FDF1E8}.Release|Any CPU.ActiveCfg = Release|Any CPU
		{D1E5E837-EB11-4910-A219-B9FC55FDF1E8}.Release|Any CPU.Build.0 = Release|Any CPU
		{4E706B48-F11E-48FB-84BB-F209CD8BAF45}.Debug|Any CPU.ActiveCfg = Debug|Any CPU
		{4E706B48-F11E-48FB-84BB-F209CD8BAF45}.Debug|Any CPU.Build.0 = Debug|Any CPU
		{4E706B48-F11E-48FB-84BB-F209CD8BAF45}.Release|Any CPU.ActiveCfg = Release|Any CPU
		{4E706B48-F11E-48FB-84BB-F209CD8BAF45}.Release|Any CPU.Build.0 = Release|Any CPU
		{7AC0A90B-1726-4757-B152-8B616D75F6DA}.Debug|Any CPU.ActiveCfg = Debug|Any CPU
		{7AC0A90B-1726-4757-B152-8B616D75F6DA}.Debug|Any CPU.Build.0 = Debug|Any CPU
		{7AC0A90B-1726-4757-B152-8B616D75F6DA}.Release|Any CPU.ActiveCfg = Release|Any CPU
		{7AC0A90B-1726-4757-B152-8B616D75F6DA}.Release|Any CPU.Build.0 = Release|Any CPU
		{FB799DDA-E67E-4B6E-B1AB-CEAB4D4E8EA7}.Debug|Any CPU.ActiveCfg = Debug|Any CPU
		{FB799DDA-E67E-4B6E-B1AB-CEAB4D4E8EA7}.Debug|Any CPU.Build.0 = Debug|Any CPU
		{FB799DDA-E67E-4B6E-B1AB-CEAB4D4E8EA7}.Release|Any CPU.ActiveCfg = Release|Any CPU
		{FB799DDA-E67E-4B6E-B1AB-CEAB4D4E8EA7}.Release|Any CPU.Build.0 = Release|Any CPU
	EndGlobalSection
	GlobalSection(SolutionProperties) = preSolution
		HideSolutionNode = FALSE
	EndGlobalSection
	GlobalSection(ExtensibilityGlobals) = postSolution
		SolutionGuid = {16791BFC-D9EB-4B38-A318-4A68FD73A57C}
	EndGlobalSection
EndGlobal
